// !$*UTF8*$!
{
	archiveVersion = 1;
	classes = {
	};
	objectVersion = 46;
	objects = {

/* Begin PBXBuildFile section */
		2B2E00061B8B533F003EE3CC /* AppDelegate.swift in Sources */ = {isa = PBXBuildFile; fileRef = 2B2E00051B8B533F003EE3CC /* AppDelegate.swift */; };
		2B2E00081B8B533F003EE3CC /* ViewController.swift in Sources */ = {isa = PBXBuildFile; fileRef = 2B2E00071B8B533F003EE3CC /* ViewController.swift */; };
		2B2E000B1B8B533F003EE3CC /* Main.storyboard in Resources */ = {isa = PBXBuildFile; fileRef = 2B2E00091B8B533F003EE3CC /* Main.storyboard */; };
		2B2E000D1B8B533F003EE3CC /* Images.xcassets in Resources */ = {isa = PBXBuildFile; fileRef = 2B2E000C1B8B533F003EE3CC /* Images.xcassets */; };
		2B2E00101B8B533F003EE3CC /* LaunchScreen.xib in Resources */ = {isa = PBXBuildFile; fileRef = 2B2E000E1B8B533F003EE3CC /* LaunchScreen.xib */; };
		2B2E001C1B8B533F003EE3CC /* MemeMe1_0Tests.swift in Sources */ = {isa = PBXBuildFile; fileRef = 2B2E001B1B8B533F003EE3CC /* MemeMe1_0Tests.swift */; };
		2B2E00261B8CA21B003EE3CC /* Meme.swift in Sources */ = {isa = PBXBuildFile; fileRef = 2B2E00251B8CA21B003EE3CC /* Meme.swift */; };
/* End PBXBuildFile section */

/* Begin PBXContainerItemProxy section */
		2B2E00161B8B533F003EE3CC /* PBXContainerItemProxy */ = {
			isa = PBXContainerItemProxy;
			containerPortal = 2B2EFFF81B8B533F003EE3CC /* Project object */;
			proxyType = 1;
			remoteGlobalIDString = 2B2EFFFF1B8B533F003EE3CC;
			remoteInfo = MemeMe1.0;
		};
/* End PBXContainerItemProxy section */

/* Begin PBXFileReference section */
		2B2E00001B8B533F003EE3CC /* MemeMe1.0.app */ = {isa = PBXFileReference; explicitFileType = wrapper.application; includeInIndex = 0; path = MemeMe1.0.app; sourceTree = BUILT_PRODUCTS_DIR; };
		2B2E00041B8B533F003EE3CC /* Info.plist */ = {isa = PBXFileReference; lastKnownFileType = text.plist.xml; path = Info.plist; sourceTree = "<group>"; };
		2B2E00051B8B533F003EE3CC /* AppDelegate.swift */ = {isa = PBXFileReference; lastKnownFileType = sourcecode.swift; path = AppDelegate.swift; sourceTree = "<group>"; };
		2B2E00071B8B533F003EE3CC /* ViewController.swift */ = {isa = PBXFileReference; lastKnownFileType = sourcecode.swift; path = ViewController.swift; sourceTree = "<group>"; };
		2B2E000A1B8B533F003EE3CC /* Base */ = {isa = PBXFileReference; lastKnownFileType = file.storyboard; name = Base; path = Base.lproj/Main.storyboard; sourceTree = "<group>"; };
		2B2E000C1B8B533F003EE3CC /* Images.xcassets */ = {isa = PBXFileReference; lastKnownFileType = folder.assetcatalog; path = Images.xcassets; sourceTree = "<group>"; };
		2B2E000F1B8B533F003EE3CC /* Base */ = {isa = PBXFileReference; lastKnownFileType = file.xib; name = Base; path = Base.lproj/LaunchScreen.xib; sourceTree = "<group>"; };
		2B2E00151B8B533F003EE3CC /* MemeMe1.0Tests.xctest */ = {isa = PBXFileReference; explicitFileType = wrapper.cfbundle; includeInIndex = 0; path = MemeMe1.0Tests.xctest; sourceTree = BUILT_PRODUCTS_DIR; };
		2B2E001A1B8B533F003EE3CC /* Info.plist */ = {isa = PBXFileReference; lastKnownFileType = text.plist.xml; path = Info.plist; sourceTree = "<group>"; };
		2B2E001B1B8B533F003EE3CC /* MemeMe1_0Tests.swift */ = {isa = PBXFileReference; lastKnownFileType = sourcecode.swift; path = MemeMe1_0Tests.swift; sourceTree = "<group>"; };
		2B2E00251B8CA21B003EE3CC /* Meme.swift */ = {isa = PBXFileReference; fileEncoding = 4; lastKnownFileType = sourcecode.swift; path = Meme.swift; sourceTree = "<group>"; };
/* End PBXFileReference section */

/* Begin PBXFrameworksBuildPhase section */
		2B2E00121B8B533F003EE3CC /* Frameworks */ = {
			isa = PBXFrameworksBuildPhase;
			buildActionMask = 2147483647;
			files = (
			);
			runOnlyForDeploymentPostprocessing = 0;
		};
		2B2EFFFD1B8B533F003EE3CC /* Frameworks */ = {
			isa = PBXFrameworksBuildPhase;
			buildActionMask = 2147483647;
			files = (
			);
			runOnlyForDeploymentPostprocessing = 0;
		};
/* End PBXFrameworksBuildPhase section */

/* Begin PBXGroup section */
		2B2E00011B8B533F003EE3CC /* Products */ = {
			isa = PBXGroup;
			children = (
				2B2E00001B8B533F003EE3CC /* MemeMe1.0.app */,
				2B2E00151B8B533F003EE3CC /* MemeMe1.0Tests.xctest */,
			);
			name = Products;
			sourceTree = "<group>";
		};
		2B2E00021B8B533F003EE3CC /* MemeMe1.0 */ = {
			isa = PBXGroup;
			children = (
				2B2E00051B8B533F003EE3CC /* AppDelegate.swift */,
				2B2E00071B8B533F003EE3CC /* ViewController.swift */,
				2B2E00251B8CA21B003EE3CC /* Meme.swift */,
				2B2E00091B8B533F003EE3CC /* Main.storyboard */,
				2B2E000C1B8B533F003EE3CC /* Images.xcassets */,
				2B2E000E1B8B533F003EE3CC /* LaunchScreen.xib */,
				2B2E00031B8B533F003EE3CC /* Supporting Files */,
			);
			path = MemeMe1.0;
			sourceTree = "<group>";
		};
		2B2E00031B8B533F003EE3CC /* Supporting Files */ = {
			isa = PBXGroup;
			children = (
				2B2E00041B8B533F003EE3CC /* Info.plist */,
			);
			name = "Supporting Files";
			sourceTree = "<group>";
		};
		2B2E00181B8B533F003EE3CC /* MemeMe1.0Tests */ = {
			isa = PBXGroup;
			children = (
				2B2E001B1B8B533F003EE3CC /* MemeMe1_0Tests.swift */,
				2B2E00191B8B533F003EE3CC /* Supporting Files */,
			);
			path = MemeMe1.0Tests;
			sourceTree = "<group>";
		};
		2B2E00191B8B533F003EE3CC /* Supporting Files */ = {
			isa = PBXGroup;
			children = (
				2B2E001A1B8B533F003EE3CC /* Info.plist */,
			);
			name = "Supporting Files";
			sourceTree = "<group>";
		};
		2B2EFFF71B8B533F003EE3CC = {
			isa = PBXGroup;
			children = (
				2B2E00021B8B533F003EE3CC /* MemeMe1.0 */,
				2B2E00181B8B533F003EE3CC /* MemeMe1.0Tests */,
				2B2E00011B8B533F003EE3CC /* Products */,
			);
			sourceTree = "<group>";
		};
/* End PBXGroup section */

/* Begin PBXNativeTarget section */
		2B2E00141B8B533F003EE3CC /* MemeMe1.0Tests */ = {
			isa = PBXNativeTarget;
			buildConfigurationList = 2B2E00221B8B533F003EE3CC /* Build configuration list for PBXNativeTarget "MemeMe1.0Tests" */;
			buildPhases = (
				2B2E00111B8B533F003EE3CC /* Sources */,
				2B2E00121B8B533F003EE3CC /* Frameworks */,
				2B2E00131B8B533F003EE3CC /* Resources */,
			);
			buildRules = (
			);
			dependencies = (
				2B2E00171B8B533F003EE3CC /* PBXTargetDependency */,
			);
			name = MemeMe1.0Tests;
			productName = MemeMe1.0Tests;
			productReference = 2B2E00151B8B533F003EE3CC /* MemeMe1.0Tests.xctest */;
			productType = "com.apple.product-type.bundle.unit-test";
		};
		2B2EFFFF1B8B533F003EE3CC /* MemeMe1.0 */ = {
			isa = PBXNativeTarget;
			buildConfigurationList = 2B2E001F1B8B533F003EE3CC /* Build configuration list for PBXNativeTarget "MemeMe1.0" */;
			buildPhases = (
				2B2EFFFC1B8B533F003EE3CC /* Sources */,
				2B2EFFFD1B8B533F003EE3CC /* Frameworks */,
				2B2EFFFE1B8B533F003EE3CC /* Resources */,
			);
			buildRules = (
			);
			dependencies = (
			);
			name = MemeMe1.0;
			productName = MemeMe1.0;
			productReference = 2B2E00001B8B533F003EE3CC /* MemeMe1.0.app */;
			productType = "com.apple.product-type.application";
		};
/* End PBXNativeTarget section */

/* Begin PBXProject section */
		2B2EFFF81B8B533F003EE3CC /* Project object */ = {
			isa = PBXProject;
			attributes = {
				LastSwiftMigration = 0730;
				LastSwiftUpdateCheck = 0730;
				LastUpgradeCheck = 0800;
				ORGANIZATIONNAME = "Gil Felot";
				TargetAttributes = {
					2B2E00141B8B533F003EE3CC = {
						CreatedOnToolsVersion = 6.4;
						LastSwiftMigration = 0800;
						TestTargetID = 2B2EFFFF1B8B533F003EE3CC;
					};
					2B2EFFFF1B8B533F003EE3CC = {
						CreatedOnToolsVersion = 6.4;
						DevelopmentTeam = GYX42CCGB3;
						LastSwiftMigration = 0800;
					};
				};
			};
			buildConfigurationList = 2B2EFFFB1B8B533F003EE3CC /* Build configuration list for PBXProject "MemeMe1.0" */;
			compatibilityVersion = "Xcode 3.2";
			developmentRegion = English;
			hasScannedForEncodings = 0;
			knownRegions = (
				en,
				Base,
			);
			mainGroup = 2B2EFFF71B8B533F003EE3CC;
			productRefGroup = 2B2E00011B8B533F003EE3CC /* Products */;
			projectDirPath = "";
			projectRoot = "";
			targets = (
				2B2EFFFF1B8B533F003EE3CC /* MemeMe1.0 */,
				2B2E00141B8B533F003EE3CC /* MemeMe1.0Tests */,
			);
		};
/* End PBXProject section */

/* Begin PBXResourcesBuildPhase section */
		2B2E00131B8B533F003EE3CC /* Resources */ = {
			isa = PBXResourcesBuildPhase;
			buildActionMask = 2147483647;
			files = (
			);
			runOnlyForDeploymentPostprocessing = 0;
		};
		2B2EFFFE1B8B533F003EE3CC /* Resources */ = {
			isa = PBXResourcesBuildPhase;
			buildActionMask = 2147483647;
			files = (
				2B2E000B1B8B533F003EE3CC /* Main.storyboard in Resources */,
				2B2E00101B8B533F003EE3CC /* LaunchScreen.xib in Resources */,
				2B2E000D1B8B533F003EE3CC /* Images.xcassets in Resources */,
			);
			runOnlyForDeploymentPostprocessing = 0;
		};
/* End PBXResourcesBuildPhase section */

/* Begin PBXSourcesBuildPhase section */
		2B2E00111B8B533F003EE3CC /* Sources */ = {
			isa = PBXSourcesBuildPhase;
			buildActionMask = 2147483647;
			files = (
				2B2E001C1B8B533F003EE3CC /* MemeMe1_0Tests.swift in Sources */,
			);
			runOnlyForDeploymentPostprocessing = 0;
		};
		2B2EFFFC1B8B533F003EE3CC /* Sources */ = {
			isa = PBXSourcesBuildPhase;
			buildActionMask = 2147483647;
			files = (
				2B2E00261B8CA21B003EE3CC /* Meme.swift in Sources */,
				2B2E00081B8B533F003EE3CC /* ViewController.swift in Sources */,
				2B2E00061B8B533F003EE3CC /* AppDelegate.swift in Sources */,
			);
			runOnlyForDeploymentPostprocessing = 0;
		};
/* End PBXSourcesBuildPhase section */

/* Begin PBXTargetDependency section */
		2B2E00171B8B533F003EE3CC /* PBXTargetDependency */ = {
			isa = PBXTargetDependency;
			target = 2B2EFFFF1B8B533F003EE3CC /* MemeMe1.0 */;
			targetProxy = 2B2E00161B8B533F003EE3CC /* PBXContainerItemProxy */;
		};
/* End PBXTargetDependency section */

/* Begin PBXVariantGroup section */
		2B2E00091B8B533F003EE3CC /* Main.storyboard */ = {
			isa = PBXVariantGroup;
			children = (
				2B2E000A1B8B533F003EE3CC /* Base */,
			);
			name = Main.storyboard;
			sourceTree = "<group>";
		};
		2B2E000E1B8B533F003EE3CC /* LaunchScreen.xib */ = {
			isa = PBXVariantGroup;
			children = (
				2B2E000F1B8B533F003EE3CC /* Base */,
			);
			name = LaunchScreen.xib;
			sourceTree = "<group>";
		};
/* End PBXVariantGroup section */

/* Begin XCBuildConfiguration section */
		2B2E001D1B8B533F003EE3CC /* Debug */ = {
			isa = XCBuildConfiguration;
			buildSettings = {
				ALWAYS_SEARCH_USER_PATHS = NO;
				CLANG_CXX_LANGUAGE_STANDARD = "gnu++0x";
				CLANG_CXX_LIBRARY = "libc++";
				CLANG_ENABLE_MODULES = YES;
				CLANG_ENABLE_OBJC_ARC = YES;
				CLANG_WARN_BOOL_CONVERSION = YES;
				CLANG_WARN_CONSTANT_CONVERSION = YES;
				CLANG_WARN_DIRECT_OBJC_ISA_USAGE = YES_ERROR;
				CLANG_WARN_EMPTY_BODY = YES;
				CLANG_WARN_ENUM_CONVERSION = YES;
				CLANG_WARN_INFINITE_RECURSION = YES;
				CLANG_WARN_INT_CONVERSION = YES;
				CLANG_WARN_OBJC_ROOT_CLASS = YES_ERROR;
				CLANG_WARN_SUSPICIOUS_MOVE = YES;
				CLANG_WARN_UNREACHABLE_CODE = YES;
				CLANG_WARN__DUPLICATE_METHOD_MATCH = YES;
				"CODE_SIGN_IDENTITY[sdk=iphoneos*]" = "iPhone Developer";
				COPY_PHASE_STRIP = NO;
				DEBUG_INFORMATION_FORMAT = "dwarf-with-dsym";
				ENABLE_STRICT_OBJC_MSGSEND = YES;
				ENABLE_TESTABILITY = YES;
				GCC_C_LANGUAGE_STANDARD = gnu99;
				GCC_DYNAMIC_NO_PIC = NO;
				GCC_NO_COMMON_BLOCKS = YES;
				GCC_OPTIMIZATION_LEVEL = 0;
				GCC_PREPROCESSOR_DEFINITIONS = (
					"DEBUG=1",
					"$(inherited)",
				);
				GCC_SYMBOLS_PRIVATE_EXTERN = NO;
				GCC_WARN_64_TO_32_BIT_CONVERSION = YES;
				GCC_WARN_ABOUT_RETURN_TYPE = YES_ERROR;
				GCC_WARN_UNDECLARED_SELECTOR = YES;
				GCC_WARN_UNINITIALIZED_AUTOS = YES_AGGRESSIVE;
				GCC_WARN_UNUSED_FUNCTION = YES;
				GCC_WARN_UNUSED_VARIABLE = YES;
				IPHONEOS_DEPLOYMENT_TARGET = 8.4;
				MTL_ENABLE_DEBUG_INFO = YES;
				ONLY_ACTIVE_ARCH = YES;
				SDKROOT = iphoneos;
				SWIFT_OPTIMIZATION_LEVEL = "-Onone";
			};
			name = Debug;
		};
		2B2E001E1B8B533F003EE3CC /* Release */ = {
			isa = XCBuildConfiguration;
			buildSettings = {
				ALWAYS_SEARCH_USER_PATHS = NO;
				CLANG_CXX_LANGUAGE_STANDARD = "gnu++0x";
				CLANG_CXX_LIBRARY = "libc++";
				CLANG_ENABLE_MODULES = YES;
				CLANG_ENABLE_OBJC_ARC = YES;
				CLANG_WARN_BOOL_CONVERSION = YES;
				CLANG_WARN_CONSTANT_CONVERSION = YES;
				CLANG_WARN_DIRECT_OBJC_ISA_USAGE = YES_ERROR;
				CLANG_WARN_EMPTY_BODY = YES;
				CLANG_WARN_ENUM_CONVERSION = YES;
				CLANG_WARN_INFINITE_RECURSION = YES;
				CLANG_WARN_INT_CONVERSION = YES;
				CLANG_WARN_OBJC_ROOT_CLASS = YES_ERROR;
				CLANG_WARN_SUSPICIOUS_MOVE = YES;
				CLANG_WARN_UNREACHABLE_CODE = YES;
				CLANG_WARN__DUPLICATE_METHOD_MATCH = YES;
				"CODE_SIGN_IDENTITY[sdk=iphoneos*]" = "iPhone Developer";
				COPY_PHASE_STRIP = NO;
				DEBUG_INFORMATION_FORMAT = "dwarf-with-dsym";
				ENABLE_NS_ASSERTIONS = NO;
				ENABLE_STRICT_OBJC_MSGSEND = YES;
				GCC_C_LANGUAGE_STANDARD = gnu99;
				GCC_NO_COMMON_BLOCKS = YES;
				GCC_WARN_64_TO_32_BIT_CONVERSION = YES;
				GCC_WARN_ABOUT_RETURN_TYPE = YES_ERROR;
				GCC_WARN_UNDECLARED_SELECTOR = YES;
				GCC_WARN_UNINITIALIZED_AUTOS = YES_AGGRESSIVE;
				GCC_WARN_UNUSED_FUNCTION = YES;
				GCC_WARN_UNUSED_VARIABLE = YES;
				IPHONEOS_DEPLOYMENT_TARGET = 8.4;
				MTL_ENABLE_DEBUG_INFO = NO;
				SDKROOT = iphoneos;
				SWIFT_OPTIMIZATION_LEVEL = "-Owholemodule";
				VALIDATE_PRODUCT = YES;
			};
			name = Release;
		};
		2B2E00201B8B533F003EE3CC /* Debug */ = {
			isa = XCBuildConfiguration;
			buildSettings = {
				ASSETCATALOG_COMPILER_APPICON_NAME = AppIcon;
				DEVELOPMENT_TEAM = GYX42CCGB3;
				INFOPLIST_FILE = MemeMe1.0/Info.plist;
				LD_RUNPATH_SEARCH_PATHS = "$(inherited) @executable_path/Frameworks";
				PRODUCT_BUNDLE_IDENTIFIER = "com.ragnar.$(PRODUCT_NAME:rfc1034identifier)";
				PRODUCT_NAME = "$(TARGET_NAME)";
				SWIFT_VERSION = 3.0;
			};
			name = Debug;
		};
		2B2E00211B8B533F003EE3CC /* Release */ = {
			isa = XCBuildConfiguration;
			buildSettings = {
				ASSETCATALOG_COMPILER_APPICON_NAME = AppIcon;
				DEVELOPMENT_TEAM = GYX42CCGB3;
				INFOPLIST_FILE = MemeMe1.0/Info.plist;
				LD_RUNPATH_SEARCH_PATHS = "$(inherited) @executable_path/Frameworks";
				PRODUCT_BUNDLE_IDENTIFIER = "com.ragnar.$(PRODUCT_NAME:rfc1034identifier)";
				PRODUCT_NAME = "$(TARGET_NAME)";
				SWIFT_VERSION = 3.0;
			};
			name = Release;
		};
		2B2E00231B8B533F003EE3CC /* Debug */ = {
			isa = XCBuildConfiguration;
			buildSettings = {
				BUNDLE_LOADER = "$(TEST_HOST)";
				FRAMEWORK_SEARCH_PATHS = (
					"$(SDKROOT)/Developer/Library/Frameworks",
					"$(inherited)",
				);
				GCC_PREPROCESSOR_DEFINITIONS = (
					"DEBUG=1",
					"$(inherited)",
				);
				INFOPLIST_FILE = MemeMe1.0Tests/Info.plist;
				LD_RUNPATH_SEARCH_PATHS = "$(inherited) @executable_path/Frameworks @loader_path/Frameworks";
				PRODUCT_BUNDLE_IDENTIFIER = "com.ragnar.$(PRODUCT_NAME:rfc1034identifier)";
				PRODUCT_NAME = "$(TARGET_NAME)";
				SWIFT_VERSION = 3.0;
				TEST_HOST = "$(BUILT_PRODUCTS_DIR)/MemeMe1.0.app/MemeMe1.0";
			};
			name = Debug;
		};
		2B2E00241B8B533F003EE3CC /* Release */ = {
			isa = XCBuildConfiguration;
			buildSettings = {
				BUNDLE_LOADER = "$(TEST_HOST)";
				FRAMEWORK_SEARCH_PATHS = (
					"$(SDKROOT)/Developer/Library/Frameworks",
					"$(inherited)",
				);
				INFOPLIST_FILE = MemeMe1.0Tests/Info.plist;
				LD_RUNPATH_SEARCH_PATHS = "$(inherited) @executable_path/Frameworks @loader_path/Frameworks";
				PRODUCT_BUNDLE_IDENTIFIER = "com.ragnar.$(PRODUCT_NAME:rfc1034identifier)";
				PRODUCT_NAME = "$(TARGET_NAME)";
				SWIFT_VERSION = 3.0;
				TEST_HOST = "$(BUILT_PRODUCTS_DIR)/MemeMe1.0.app/MemeMe1.0";
			};
			name = Release;
		};
/* End XCBuildConfiguration section */

/* Begin XCConfigurationList section */
		2B2E001F1B8B533F003EE3CC /* Build configuration list for PBXNativeTarget "MemeMe1.0" */ = {
			isa = XCConfigurationList;
			buildConfigurations = (
				2B2E00201B8B533F003EE3CC /* Debug */,
				2B2E00211B8B533F003EE3CC /* Release */,
			);
			defaultConfigurationIsVisible = 0;
			defaultConfigurationName = Release;
		};
		2B2E00221B8B533F003EE3CC /* Build configuration list for PBXNativeTarget "MemeMe1.0Tests" */ = {
			isa = XCConfigurationList;
			buildConfigurations = (
				2B2E00231B8B533F003EE3CC /* Debug */,
				2B2E00241B8B533F003EE3CC /* Release */,
			);
			defaultConfigurationIsVisible = 0;
			defaultConfigurationName = Release;
		};
		2B2EFFFB1B8B533F003EE3CC /* Build configuration list for PBXProject "MemeMe1.0" */ = {
			isa = XCConfigurationList;
			buildConfigurations = (
				2B2E001D1B8B533F003EE3CC /* Debug */,
				2B2E001E1B8B533F003EE3CC /* Release */,
			);
			defaultConfigurationIsVisible = 0;
			defaultConfigurationName = Release;
		};
/* End XCConfigurationList section */
	};
	rootObject = 2B2EFFF81B8B533F003EE3CC /* Project object */;
}
